
Microsoft Visual Studio Solution File, Format Version 12.00
# Visual Studio Version 17
VisualStudioVersion = 17.2.32630.192
MinimumVisualStudioVersion = 10.0.40219.1
Project("{FAE04EC0-301F-11D3-BF4B-00C04F79EFBC}") = "EnvironmentVariable", "EnvironmentVariable\EnvironmentVariable.csproj", "{7985FB81-6D59-43B3-B5EE-0B51356E58CD}"
EndProject
Global
	GlobalSection(SolutionConfigurationPlatforms) = preSolution
		Debug|Any CPU = Debug|Any CPU
		Release|Any CPU = Release|Any CPU
	EndGlobalSection
	GlobalSection(ProjectConfigurationPlatforms) = postSolution
		{7985FB81-6D59-43B3-B5EE-0B51356E58CD}.Debug|Any CPU.ActiveCfg = Debug|Any CPU
		{7985FB81-6D59-43B3-B5EE-0B51356E58CD}.Debug|Any CPU.Build.0 = Debug|Any CPU
		{7985FB81-6D59-43B3-B5EE-0B51356E58CD}.Release|Any CPU.ActiveCfg = Release|Any CPU
		{7985FB81-6D59-43B3-B5EE-0B51356E58CD}.Release|Any CPU.Build.0 = Release|Any CPU
	EndGlobalSection
	GlobalSection(SolutionProperties) = preSolution
		HideSolutionNode = FALSE
	EndGlobalSection
	GlobalSection(ExtensibilityGlobals) = postSolution
		SolutionGuid = {F2CB0774-3179-40C3-BAC1-3DAEF38C64E0}
	EndGlobalSection
EndGlobal
